// !$*UTF8*$!
{
	archiveVersion = 1;
	classes = {
	};
	objectVersion = 46;
	objects = {

/* Begin PBXBuildFile section */
		02A596A218F4E58800446DBE /* SpyGame.m in Sources */ = {isa = PBXBuildFile; fileRef = 02A596A118F4E58800446DBE /* SpyGame.m */; };
		02A596A518F4E8BE00446DBE /* Player.m in Sources */ = {isa = PBXBuildFile; fileRef = 02A596A418F4E8BE00446DBE /* Player.m */; };
		02CA63AE18F41FF000D6E32A /* Foundation.framework in Frameworks */ = {isa = PBXBuildFile; fileRef = 02CA63AD18F41FF000D6E32A /* Foundation.framework */; };
		02CA63B018F41FF000D6E32A /* CoreGraphics.framework in Frameworks */ = {isa = PBXBuildFile; fileRef = 02CA63AF18F41FF000D6E32A /* CoreGraphics.framework */; };
		02CA63B218F41FF000D6E32A /* UIKit.framework in Frameworks */ = {isa = PBXBuildFile; fileRef = 02CA63B118F41FF000D6E32A /* UIKit.framework */; };
		02CA63B818F41FF000D6E32A /* InfoPlist.strings in Resources */ = {isa = PBXBuildFile; fileRef = 02CA63B618F41FF000D6E32A /* InfoPlist.strings */; };
		02CA63BA18F41FF000D6E32A /* main.m in Sources */ = {isa = PBXBuildFile; fileRef = 02CA63B918F41FF000D6E32A /* main.m */; };
		02CA63BE18F41FF000D6E32A /* AppDelegate.m in Sources */ = {isa = PBXBuildFile; fileRef = 02CA63BD18F41FF000D6E32A /* AppDelegate.m */; };
		02CA63C018F41FF000D6E32A /* Images.xcassets in Resources */ = {isa = PBXBuildFile; fileRef = 02CA63BF18F41FF000D6E32A /* Images.xcassets */; };
		02CA63C718F41FF000D6E32A /* XCTest.framework in Frameworks */ = {isa = PBXBuildFile; fileRef = 02CA63C618F41FF000D6E32A /* XCTest.framework */; };
		02CA63C818F41FF000D6E32A /* Foundation.framework in Frameworks */ = {isa = PBXBuildFile; fileRef = 02CA63AD18F41FF000D6E32A /* Foundation.framework */; };
		02CA63C918F41FF000D6E32A /* UIKit.framework in Frameworks */ = {isa = PBXBuildFile; fileRef = 02CA63B118F41FF000D6E32A /* UIKit.framework */; };
		02CA63D118F41FF000D6E32A /* InfoPlist.strings in Resources */ = {isa = PBXBuildFile; fileRef = 02CA63CF18F41FF000D6E32A /* InfoPlist.strings */; };
		02CA63D318F41FF000D6E32A /* Who_the_spyTests.m in Sources */ = {isa = PBXBuildFile; fileRef = 02CA63D218F41FF000D6E32A /* Who_the_spyTests.m */; };
		02CA63DD18F4200300D6E32A /* libsqlite3.0.dylib in Frameworks */ = {isa = PBXBuildFile; fileRef = 02CA63DC18F4200300D6E32A /* libsqlite3.0.dylib */; };
		02CA63F218F420CF00D6E32A /* GameConfigViewController.m in Sources */ = {isa = PBXBuildFile; fileRef = 02CA63E418F420CF00D6E32A /* GameConfigViewController.m */; };
		02CA63F318F420CF00D6E32A /* GameConfigViewController.xib in Resources */ = {isa = PBXBuildFile; fileRef = 02CA63E518F420CF00D6E32A /* GameConfigViewController.xib */; };
		02CA63F418F420CF00D6E32A /* GamePlayingViewController.m in Sources */ = {isa = PBXBuildFile; fileRef = 02CA63E718F420CF00D6E32A /* GamePlayingViewController.m */; };
		02CA63F518F420CF00D6E32A /* GamePlayingViewController.xib in Resources */ = {isa = PBXBuildFile; fileRef = 02CA63E818F420CF00D6E32A /* GamePlayingViewController.xib */; };
		02CA63F618F420CF00D6E32A /* NumberPickerViewController.m in Sources */ = {isa = PBXBuildFile; fileRef = 02CA63EA18F420CF00D6E32A /* NumberPickerViewController.m */; };
		02CA63F718F420CF00D6E32A /* WordPair.m in Sources */ = {isa = PBXBuildFile; fileRef = 02CA63ED18F420CF00D6E32A /* WordPair.m */; };
		02CA63F818F420CF00D6E32A /* DataManager.m in Sources */ = {isa = PBXBuildFile; fileRef = 02CA63F018F420CF00D6E32A /* DataManager.m */; };
		02CA63FA18F4217B00D6E32A /* sswd.sqlite in Resources */ = {isa = PBXBuildFile; fileRef = 02CA63F918F4217B00D6E32A /* sswd.sqlite */; };
		02CA641418F423E200D6E32A /* 1.png in Resources */ = {isa = PBXBuildFile; fileRef = 02CA63FD18F423E200D6E32A /* 1.png */; };
		02CA641518F423E200D6E32A /* 10.png in Resources */ = {isa = PBXBuildFile; fileRef = 02CA63FE18F423E200D6E32A /* 10.png */; };
		02CA641618F423E200D6E32A /* 11.png in Resources */ = {isa = PBXBuildFile; fileRef = 02CA63FF18F423E200D6E32A /* 11.png */; };
		02CA641718F423E200D6E32A /* 12.png in Resources */ = {isa = PBXBuildFile; fileRef = 02CA640018F423E200D6E32A /* 12.png */; };
		02CA641818F423E200D6E32A /* 13.png in Resources */ = {isa = PBXBuildFile; fileRef = 02CA640118F423E200D6E32A /* 13.png */; };
		02CA641918F423E200D6E32A /* 14.png in Resources */ = {isa = PBXBuildFile; fileRef = 02CA640218F423E200D6E32A /* 14.png */; };
		02CA641A18F423E200D6E32A /* 15.png in Resources */ = {isa = PBXBuildFile; fileRef = 02CA640318F423E200D6E32A /* 15.png */; };
		02CA641B18F423E200D6E32A /* 16.png in Resources */ = {isa = PBXBuildFile; fileRef = 02CA640418F423E200D6E32A /* 16.png */; };
		02CA641C18F423E200D6E32A /* 17.png in Resources */ = {isa = PBXBuildFile; fileRef = 02CA640518F423E200D6E32A /* 17.png */; };
		02CA641D18F423E200D6E32A /* 18.png in Resources */ = {isa = PBXBuildFile; fileRef = 02CA640618F423E200D6E32A /* 18.png */; };
		02CA641E18F423E200D6E32A /* 19.png in Resources */ = {isa = PBXBuildFile; fileRef = 02CA640718F423E200D6E32A /* 19.png */; };
		02CA641F18F423E200D6E32A /* 2.png in Resources */ = {isa = PBXBuildFile; fileRef = 02CA640818F423E200D6E32A /* 2.png */; };
		02CA642018F423E200D6E32A /* 20.png in Resources */ = {isa = PBXBuildFile; fileRef = 02CA640918F423E200D6E32A /* 20.png */; };
		02CA642118F423E200D6E32A /* 3.png in Resources */ = {isa = PBXBuildFile; fileRef = 02CA640A18F423E200D6E32A /* 3.png */; };
		02CA642218F423E200D6E32A /* 4.png in Resources */ = {isa = PBXBuildFile; fileRef = 02CA640B18F423E200D6E32A /* 4.png */; };
		02CA642318F423E200D6E32A /* 5.png in Resources */ = {isa = PBXBuildFile; fileRef = 02CA640C18F423E200D6E32A /* 5.png */; };
		02CA642418F423E200D6E32A /* 6.png in Resources */ = {isa = PBXBuildFile; fileRef = 02CA640D18F423E200D6E32A /* 6.png */; };
		02CA642518F423E200D6E32A /* 7.png in Resources */ = {isa = PBXBuildFile; fileRef = 02CA640E18F423E200D6E32A /* 7.png */; };
		02CA642618F423E200D6E32A /* 8.png in Resources */ = {isa = PBXBuildFile; fileRef = 02CA640F18F423E200D6E32A /* 8.png */; };
		02CA642718F423E200D6E32A /* 9.png in Resources */ = {isa = PBXBuildFile; fileRef = 02CA641018F423E200D6E32A /* 9.png */; };
		02CA642818F423E200D6E32A /* goodguy@2x.png in Resources */ = {isa = PBXBuildFile; fileRef = 02CA641118F423E200D6E32A /* goodguy@2x.png */; };
		02CA642918F423E200D6E32A /* spy@2x.png in Resources */ = {isa = PBXBuildFile; fileRef = 02CA641218F423E200D6E32A /* spy@2x.png */; };
		02CA642A18F423E200D6E32A /* white@2x.png in Resources */ = {isa = PBXBuildFile; fileRef = 02CA641318F423E200D6E32A /* white@2x.png */; };
/* End PBXBuildFile section */

/* Begin PBXContainerItemProxy section */
		02CA63CA18F41FF000D6E32A /* PBXContainerItemProxy */ = {
			isa = PBXContainerItemProxy;
			containerPortal = 02CA63A218F41FF000D6E32A /* Project object */;
			proxyType = 1;
			remoteGlobalIDString = 02CA63A918F41FF000D6E32A;
			remoteInfo = Who_the_spy;
		};
/* End PBXContainerItemProxy section */

/* Begin PBXFileReference section */
		02A596A018F4E58800446DBE /* SpyGame.h */ = {isa = PBXFileReference; fileEncoding = 4; lastKnownFileType = sourcecode.c.h; path = SpyGame.h; sourceTree = "<group>"; };
		02A596A118F4E58800446DBE /* SpyGame.m */ = {isa = PBXFileReference; fileEncoding = 4; lastKnownFileType = sourcecode.c.objc; path = SpyGame.m; sourceTree = "<group>"; };
		02A596A318F4E8BE00446DBE /* Player.h */ = {isa = PBXFileReference; fileEncoding = 4; lastKnownFileType = sourcecode.c.h; path = Player.h; sourceTree = "<group>"; };
		02A596A418F4E8BE00446DBE /* Player.m */ = {isa = PBXFileReference; fileEncoding = 4; lastKnownFileType = sourcecode.c.objc; path = Player.m; sourceTree = "<group>"; };
		02CA63AA18F41FF000D6E32A /* Who the spy.app */ = {isa = PBXFileReference; explicitFileType = wrapper.application; includeInIndex = 0; path = "Who the spy.app"; sourceTree = BUILT_PRODUCTS_DIR; };
		02CA63AD18F41FF000D6E32A /* Foundation.framework */ = {isa = PBXFileReference; lastKnownFileType = wrapper.framework; name = Foundation.framework; path = System/Library/Frameworks/Foundation.framework; sourceTree = SDKROOT; };
		02CA63AF18F41FF000D6E32A /* CoreGraphics.framework */ = {isa = PBXFileReference; lastKnownFileType = wrapper.framework; name = CoreGraphics.framework; path = System/Library/Frameworks/CoreGraphics.framework; sourceTree = SDKROOT; };
		02CA63B118F41FF000D6E32A /* UIKit.framework */ = {isa = PBXFileReference; lastKnownFileType = wrapper.framework; name = UIKit.framework; path = System/Library/Frameworks/UIKit.framework; sourceTree = SDKROOT; };
		02CA63B518F41FF000D6E32A /* Who_the_spy-Info.plist */ = {isa = PBXFileReference; lastKnownFileType = text.plist.xml; path = "Who_the_spy-Info.plist"; sourceTree = "<group>"; };
		02CA63B718F41FF000D6E32A /* en */ = {isa = PBXFileReference; lastKnownFileType = text.plist.strings; name = en; path = en.lproj/InfoPlist.strings; sourceTree = "<group>"; };
		02CA63B918F41FF000D6E32A /* main.m */ = {isa = PBXFileReference; lastKnownFileType = sourcecode.c.objc; path = main.m; sourceTree = "<group>"; };
		02CA63BB18F41FF000D6E32A /* Who_the_spy-Prefix.pch */ = {isa = PBXFileReference; lastKnownFileType = sourcecode.c.h; path = "Who_the_spy-Prefix.pch"; sourceTree = "<group>"; };
		02CA63BC18F41FF000D6E32A /* AppDelegate.h */ = {isa = PBXFileReference; lastKnownFileType = sourcecode.c.h; path = AppDelegate.h; sourceTree = "<group>"; };
		02CA63BD18F41FF000D6E32A /* AppDelegate.m */ = {isa = PBXFileReference; lastKnownFileType = sourcecode.c.objc; path = AppDelegate.m; sourceTree = "<group>"; };
		02CA63BF18F41FF000D6E32A /* Images.xcassets */ = {isa = PBXFileReference; lastKnownFileType = folder.assetcatalog; path = Images.xcassets; sourceTree = "<group>"; };
		02CA63C518F41FF000D6E32A /* Who_the_spyTests.xctest */ = {isa = PBXFileReference; explicitFileType = wrapper.cfbundle; includeInIndex = 0; path = Who_the_spyTests.xctest; sourceTree = BUILT_PRODUCTS_DIR; };
		02CA63C618F41FF000D6E32A /* XCTest.framework */ = {isa = PBXFileReference; lastKnownFileType = wrapper.framework; name = XCTest.framework; path = Library/Frameworks/XCTest.framework; sourceTree = DEVELOPER_DIR; };
		02CA63CE18F41FF000D6E32A /* Who_the_spyTests-Info.plist */ = {isa = PBXFileReference; lastKnownFileType = text.plist.xml; path = "Who_the_spyTests-Info.plist"; sourceTree = "<group>"; };
		02CA63D018F41FF000D6E32A /* en */ = {isa = PBXFileReference; lastKnownFileType = text.plist.strings; name = en; path = en.lproj/InfoPlist.strings; sourceTree = "<group>"; };
		02CA63D218F41FF000D6E32A /* Who_the_spyTests.m */ = {isa = PBXFileReference; lastKnownFileType = sourcecode.c.objc; path = Who_the_spyTests.m; sourceTree = "<group>"; };
		02CA63DC18F4200300D6E32A /* libsqlite3.0.dylib */ = {isa = PBXFileReference; lastKnownFileType = "compiled.mach-o.dylib"; name = libsqlite3.0.dylib; path = usr/lib/libsqlite3.0.dylib; sourceTree = SDKROOT; };
		02CA63E318F420CF00D6E32A /* GameConfigViewController.h */ = {isa = PBXFileReference; fileEncoding = 4; lastKnownFileType = sourcecode.c.h; path = GameConfigViewController.h; sourceTree = "<group>"; };
		02CA63E418F420CF00D6E32A /* GameConfigViewController.m */ = {isa = PBXFileReference; fileEncoding = 4; lastKnownFileType = sourcecode.c.objc; path = GameConfigViewController.m; sourceTree = "<group>"; };
		02CA63E518F420CF00D6E32A /* GameConfigViewController.xib */ = {isa = PBXFileReference; fileEncoding = 4; lastKnownFileType = file.xib; path = GameConfigViewController.xib; sourceTree = "<group>"; };
		02CA63E618F420CF00D6E32A /* GamePlayingViewController.h */ = {isa = PBXFileReference; fileEncoding = 4; lastKnownFileType = sourcecode.c.h; path = GamePlayingViewController.h; sourceTree = "<group>"; };
		02CA63E718F420CF00D6E32A /* GamePlayingViewController.m */ = {isa = PBXFileReference; fileEncoding = 4; lastKnownFileType = sourcecode.c.objc; path = GamePlayingViewController.m; sourceTree = "<group>"; };
		02CA63E818F420CF00D6E32A /* GamePlayingViewController.xib */ = {isa = PBXFileReference; fileEncoding = 4; lastKnownFileType = file.xib; path = GamePlayingViewController.xib; sourceTree = "<group>"; };
		02CA63E918F420CF00D6E32A /* NumberPickerViewController.h */ = {isa = PBXFileReference; fileEncoding = 4; lastKnownFileType = sourcecode.c.h; path = NumberPickerViewController.h; sourceTree = "<group>"; };
		02CA63EA18F420CF00D6E32A /* NumberPickerViewController.m */ = {isa = PBXFileReference; fileEncoding = 4; lastKnownFileType = sourcecode.c.objc; path = NumberPickerViewController.m; sourceTree = "<group>"; };
		02CA63EC18F420CF00D6E32A /* WordPair.h */ = {isa = PBXFileReference; fileEncoding = 4; lastKnownFileType = sourcecode.c.h; path = WordPair.h; sourceTree = "<group>"; };
		02CA63ED18F420CF00D6E32A /* WordPair.m */ = {isa = PBXFileReference; fileEncoding = 4; lastKnownFileType = sourcecode.c.objc; path = WordPair.m; sourceTree = "<group>"; };
		02CA63EF18F420CF00D6E32A /* DataManager.h */ = {isa = PBXFileReference; fileEncoding = 4; lastKnownFileType = sourcecode.c.h; path = DataManager.h; sourceTree = "<group>"; };
		02CA63F018F420CF00D6E32A /* DataManager.m */ = {isa = PBXFileReference; fileEncoding = 4; lastKnownFileType = sourcecode.c.objc; path = DataManager.m; sourceTree = "<group>"; };
		02CA63F918F4217B00D6E32A /* sswd.sqlite */ = {isa = PBXFileReference; lastKnownFileType = file; path = sswd.sqlite; sourceTree = "<group>"; };
		02CA63FD18F423E200D6E32A /* 1.png */ = {isa = PBXFileReference; lastKnownFileType = image.png; path = 1.png; sourceTree = "<group>"; };
		02CA63FE18F423E200D6E32A /* 10.png */ = {isa = PBXFileReference; lastKnownFileType = image.png; path = 10.png; sourceTree = "<group>"; };
		02CA63FF18F423E200D6E32A /* 11.png */ = {isa = PBXFileReference; lastKnownFileType = image.png; path = 11.png; sourceTree = "<group>"; };
		02CA640018F423E200D6E32A /* 12.png */ = {isa = PBXFileReference; lastKnownFileType = image.png; path = 12.png; sourceTree = "<group>"; };
		02CA640118F423E200D6E32A /* 13.png */ = {isa = PBXFileReference; lastKnownFileType = image.png; path = 13.png; sourceTree = "<group>"; };
		02CA640218F423E200D6E32A /* 14.png */ = {isa = PBXFileReference; lastKnownFileType = image.png; path = 14.png; sourceTree = "<group>"; };
		02CA640318F423E200D6E32A /* 15.png */ = {isa = PBXFileReference; lastKnownFileType = image.png; path = 15.png; sourceTree = "<group>"; };
		02CA640418F423E200D6E32A /* 16.png */ = {isa = PBXFileReference; lastKnownFileType = image.png; path = 16.png; sourceTree = "<group>"; };
		02CA640518F423E200D6E32A /* 17.png */ = {isa = PBXFileReference; lastKnownFileType = image.png; path = 17.png; sourceTree = "<group>"; };
		02CA640618F423E200D6E32A /* 18.png */ = {isa = PBXFileReference; lastKnownFileType = image.png; path = 18.png; sourceTree = "<group>"; };
		02CA640718F423E200D6E32A /* 19.png */ = {isa = PBXFileReference; lastKnownFileType = image.png; path = 19.png; sourceTree = "<group>"; };
		02CA640818F423E200D6E32A /* 2.png */ = {isa = PBXFileReference; lastKnownFileType = image.png; path = 2.png; sourceTree = "<group>"; };
		02CA640918F423E200D6E32A /* 20.png */ = {isa = PBXFileReference; lastKnownFileType = image.png; path = 20.png; sourceTree = "<group>"; };
		02CA640A18F423E200D6E32A /* 3.png */ = {isa = PBXFileReference; lastKnownFileType = image.png; path = 3.png; sourceTree = "<group>"; };
		02CA640B18F423E200D6E32A /* 4.png */ = {isa = PBXFileReference; lastKnownFileType = image.png; path = 4.png; sourceTree = "<group>"; };
		02CA640C18F423E200D6E32A /* 5.png */ = {isa = PBXFileReference; lastKnownFileType = image.png; path = 5.png; sourceTree = "<group>"; };
		02CA640D18F423E200D6E32A /* 6.png */ = {isa = PBXFileReference; lastKnownFileType = image.png; path = 6.png; sourceTree = "<group>"; };
		02CA640E18F423E200D6E32A /* 7.png */ = {isa = PBXFileReference; lastKnownFileType = image.png; path = 7.png; sourceTree = "<group>"; };
		02CA640F18F423E200D6E32A /* 8.png */ = {isa = PBXFileReference; lastKnownFileType = image.png; path = 8.png; sourceTree = "<group>"; };
		02CA641018F423E200D6E32A /* 9.png */ = {isa = PBXFileReference; lastKnownFileType = image.png; path = 9.png; sourceTree = "<group>"; };
		02CA641118F423E200D6E32A /* goodguy@2x.png */ = {isa = PBXFileReference; lastKnownFileType = image.png; path = "goodguy@2x.png"; sourceTree = "<group>"; };
		02CA641218F423E200D6E32A /* spy@2x.png */ = {isa = PBXFileReference; lastKnownFileType = image.png; path = "spy@2x.png"; sourceTree = "<group>"; };
		02CA641318F423E200D6E32A /* white@2x.png */ = {isa = PBXFileReference; lastKnownFileType = image.png; path = "white@2x.png"; sourceTree = "<group>"; };
/* End PBXFileReference section */

/* Begin PBXFrameworksBuildPhase section */
		02CA63A718F41FF000D6E32A /* Frameworks */ = {
			isa = PBXFrameworksBuildPhase;
			buildActionMask = 2147483647;
			files = (
				02CA63DD18F4200300D6E32A /* libsqlite3.0.dylib in Frameworks */,
				02CA63B018F41FF000D6E32A /* CoreGraphics.framework in Frameworks */,
				02CA63B218F41FF000D6E32A /* UIKit.framework in Frameworks */,
				02CA63AE18F41FF000D6E32A /* Foundation.framework in Frameworks */,
			);
			runOnlyForDeploymentPostprocessing = 0;
		};
		02CA63C218F41FF000D6E32A /* Frameworks */ = {
			isa = PBXFrameworksBuildPhase;
			buildActionMask = 2147483647;
			files = (
				02CA63C718F41FF000D6E32A /* XCTest.framework in Frameworks */,
				02CA63C918F41FF000D6E32A /* UIKit.framework in Frameworks */,
				02CA63C818F41FF000D6E32A /* Foundation.framework in Frameworks */,
			);
			runOnlyForDeploymentPostprocessing = 0;
		};
/* End PBXFrameworksBuildPhase section */

/* Begin PBXGroup section */
		02A596A618F5049000446DBE /* GameConfig */ = {
			isa = PBXGroup;
			children = (
				02CA63E318F420CF00D6E32A /* GameConfigViewController.h */,
				02CA63E418F420CF00D6E32A /* GameConfigViewController.m */,
				02CA63E518F420CF00D6E32A /* GameConfigViewController.xib */,
			);
			name = GameConfig;
			sourceTree = "<group>";
		};
		02A596A718F504A400446DBE /* NumberPicker */ = {
			isa = PBXGroup;
			children = (
				02CA63E918F420CF00D6E32A /* NumberPickerViewController.h */,
				02CA63EA18F420CF00D6E32A /* NumberPickerViewController.m */,
			);
			name = NumberPicker;
			sourceTree = "<group>";
		};
		02A596A818F504B300446DBE /* GamePlaying */ = {
			isa = PBXGroup;
			children = (
				02CA63E618F420CF00D6E32A /* GamePlayingViewController.h */,
				02CA63E718F420CF00D6E32A /* GamePlayingViewController.m */,
				02CA63E818F420CF00D6E32A /* GamePlayingViewController.xib */,
			);
			name = GamePlaying;
			sourceTree = "<group>";
		};
		02CA63A118F41FF000D6E32A = {
			isa = PBXGroup;
			children = (
				02CA63B318F41FF000D6E32A /* Who_the_spy */,
				02CA63CC18F41FF000D6E32A /* Who_the_spyTests */,
				02CA63AC18F41FF000D6E32A /* Frameworks */,
				02CA63AB18F41FF000D6E32A /* Products */,
			);
			sourceTree = "<group>";
		};
		02CA63AB18F41FF000D6E32A /* Products */ = {
			isa = PBXGroup;
			children = (
				02CA63AA18F41FF000D6E32A /* Who the spy.app */,
				02CA63C518F41FF000D6E32A /* Who_the_spyTests.xctest */,
			);
			name = Products;
			sourceTree = "<group>";
		};
		02CA63AC18F41FF000D6E32A /* Frameworks */ = {
			isa = PBXGroup;
			children = (
				02CA63DC18F4200300D6E32A /* libsqlite3.0.dylib */,
				02CA63AD18F41FF000D6E32A /* Foundation.framework */,
				02CA63AF18F41FF000D6E32A /* CoreGraphics.framework */,
				02CA63B118F41FF000D6E32A /* UIKit.framework */,
				02CA63C618F41FF000D6E32A /* XCTest.framework */,
			);
			name = Frameworks;
			sourceTree = "<group>";
		};
		02CA63B318F41FF000D6E32A /* Who_the_spy */ = {
			isa = PBXGroup;
			children = (
				02CA63BC18F41FF000D6E32A /* AppDelegate.h */,
				02CA63BD18F41FF000D6E32A /* AppDelegate.m */,
				02CA63EE18F420CF00D6E32A /* Service */,
				02CA63E218F420CF00D6E32A /* Controller */,
				02CA63F118F420CF00D6E32A /* View */,
				02CA63EB18F420CF00D6E32A /* Model */,
				02CA63BF18F41FF000D6E32A /* Images.xcassets */,
				02CA63B418F41FF000D6E32A /* Supporting Files */,
			);
			path = Who_the_spy;
			sourceTree = "<group>";
		};
		02CA63B418F41FF000D6E32A /* Supporting Files */ = {
			isa = PBXGroup;
			children = (
				02CA63FC18F423E200D6E32A /* images */,
				02CA63F918F4217B00D6E32A /* sswd.sqlite */,
				02CA63B518F41FF000D6E32A /* Who_the_spy-Info.plist */,
				02CA63B618F41FF000D6E32A /* InfoPlist.strings */,
				02CA63B918F41FF000D6E32A /* main.m */,
				02CA63BB18F41FF000D6E32A /* Who_the_spy-Prefix.pch */,
			);
			name = "Supporting Files";
			sourceTree = "<group>";
		};
		02CA63CC18F41FF000D6E32A /* Who_the_spyTests */ = {
			isa = PBXGroup;
			children = (
				02CA63D218F41FF000D6E32A /* Who_the_spyTests.m */,
				02CA63CD18F41FF000D6E32A /* Supporting Files */,
			);
			path = Who_the_spyTests;
			sourceTree = "<group>";
		};
		02CA63CD18F41FF000D6E32A /* Supporting Files */ = {
			isa = PBXGroup;
			children = (
				02CA63CE18F41FF000D6E32A /* Who_the_spyTests-Info.plist */,
				02CA63CF18F41FF000D6E32A /* InfoPlist.strings */,
			);
			name = "Supporting Files";
			sourceTree = "<group>";
		};
		02CA63E218F420CF00D6E32A /* Controller */ = {
			isa = PBXGroup;
			children = (
				02A596A718F504A400446DBE /* NumberPicker */,
				02A596A618F5049000446DBE /* GameConfig */,
				02A596A818F504B300446DBE /* GamePlaying */,
			);
			path = Controller;
			sourceTree = "<group>";
		};
		02CA63EB18F420CF00D6E32A /* Model */ = {
			isa = PBXGroup;
			children = (
				02CA63EC18F420CF00D6E32A /* WordPair.h */,
				02CA63ED18F420CF00D6E32A /* WordPair.m */,
				02A596A318F4E8BE00446DBE /* Player.h */,
				02A596A418F4E8BE00446DBE /* Player.m */,
			);
			path = Model;
			sourceTree = "<group>";
		};
		02CA63EE18F420CF00D6E32A /* Service */ = {
			isa = PBXGroup;
			children = (
				02CA63EF18F420CF00D6E32A /* DataManager.h */,
				02CA63F018F420CF00D6E32A /* DataManager.m */,
				02A596A018F4E58800446DBE /* SpyGame.h */,
				02A596A118F4E58800446DBE /* SpyGame.m */,
			);
			path = Service;
			sourceTree = "<group>";
		};
		02CA63F118F420CF00D6E32A /* View */ = {
			isa = PBXGroup;
			children = (
			);
			path = View;
			sourceTree = "<group>";
		};
		02CA63FC18F423E200D6E32A /* images */ = {
			isa = PBXGroup;
			children = (
				02CA63FD18F423E200D6E32A /* 1.png */,
				02CA63FE18F423E200D6E32A /* 10.png */,
				02CA63FF18F423E200D6E32A /* 11.png */,
				02CA640018F423E200D6E32A /* 12.png */,
				02CA640118F423E200D6E32A /* 13.png */,
				02CA640218F423E200D6E32A /* 14.png */,
				02CA640318F423E200D6E32A /* 15.png */,
				02CA640418F423E200D6E32A /* 16.png */,
				02CA640518F423E200D6E32A /* 17.png */,
				02CA640618F423E200D6E32A /* 18.png */,
				02CA640718F423E200D6E32A /* 19.png */,
				02CA640818F423E200D6E32A /* 2.png */,
				02CA640918F423E200D6E32A /* 20.png */,
				02CA640A18F423E200D6E32A /* 3.png */,
				02CA640B18F423E200D6E32A /* 4.png */,
				02CA640C18F423E200D6E32A /* 5.png */,
				02CA640D18F423E200D6E32A /* 6.png */,
				02CA640E18F423E200D6E32A /* 7.png */,
				02CA640F18F423E200D6E32A /* 8.png */,
				02CA641018F423E200D6E32A /* 9.png */,
				02CA641118F423E200D6E32A /* goodguy@2x.png */,
				02CA641218F423E200D6E32A /* spy@2x.png */,
				02CA641318F423E200D6E32A /* white@2x.png */,
			);
			path = images;
			sourceTree = "<group>";
		};
/* End PBXGroup section */

/* Begin PBXNativeTarget section */
		02CA63A918F41FF000D6E32A /* Who_the_spy */ = {
			isa = PBXNativeTarget;
			buildConfigurationList = 02CA63D618F41FF000D6E32A /* Build configuration list for PBXNativeTarget "Who_the_spy" */;
			buildPhases = (
				02CA63A618F41FF000D6E32A /* Sources */,
				02CA63A718F41FF000D6E32A /* Frameworks */,
				02CA63A818F41FF000D6E32A /* Resources */,
			);
			buildRules = (
			);
			dependencies = (
			);
			name = Who_the_spy;
			productName = Who_the_spy;
			productReference = 02CA63AA18F41FF000D6E32A /* Who the spy.app */;
			productType = "com.apple.product-type.application";
		};
		02CA63C418F41FF000D6E32A /* Who_the_spyTests */ = {
			isa = PBXNativeTarget;
			buildConfigurationList = 02CA63D918F41FF000D6E32A /* Build configuration list for PBXNativeTarget "Who_the_spyTests" */;
			buildPhases = (
				02CA63C118F41FF000D6E32A /* Sources */,
				02CA63C218F41FF000D6E32A /* Frameworks */,
				02CA63C318F41FF000D6E32A /* Resources */,
			);
			buildRules = (
			);
			dependencies = (
				02CA63CB18F41FF000D6E32A /* PBXTargetDependency */,
			);
			name = Who_the_spyTests;
			productName = Who_the_spyTests;
			productReference = 02CA63C518F41FF000D6E32A /* Who_the_spyTests.xctest */;
			productType = "com.apple.product-type.bundle.unit-test";
		};
/* End PBXNativeTarget section */

/* Begin PBXProject section */
		02CA63A218F41FF000D6E32A /* Project object */ = {
			isa = PBXProject;
			attributes = {
				LastUpgradeCheck = 0510;
				ORGANIZATIONNAME = "charles wong";
				TargetAttributes = {
					02CA63C418F41FF000D6E32A = {
						TestTargetID = 02CA63A918F41FF000D6E32A;
					};
				};
			};
			buildConfigurationList = 02CA63A518F41FF000D6E32A /* Build configuration list for PBXProject "Who_the_spy" */;
			compatibilityVersion = "Xcode 3.2";
			developmentRegion = English;
			hasScannedForEncodings = 0;
			knownRegions = (
				en,
			);
			mainGroup = 02CA63A118F41FF000D6E32A;
			productRefGroup = 02CA63AB18F41FF000D6E32A /* Products */;
			projectDirPath = "";
			projectRoot = "";
			targets = (
				02CA63A918F41FF000D6E32A /* Who_the_spy */,
				02CA63C418F41FF000D6E32A /* Who_the_spyTests */,
			);
		};
/* End PBXProject section */

/* Begin PBXResourcesBuildPhase section */
		02CA63A818F41FF000D6E32A /* Resources */ = {
			isa = PBXResourcesBuildPhase;
			buildActionMask = 2147483647;
			files = (
				02CA642618F423E200D6E32A /* 8.png in Resources */,
				02CA642418F423E200D6E32A /* 6.png in Resources */,
				02CA641D18F423E200D6E32A /* 18.png in Resources */,
				02CA641B18F423E200D6E32A /* 16.png in Resources */,
				02CA641F18F423E200D6E32A /* 2.png in Resources */,
				02CA641C18F423E200D6E32A /* 17.png in Resources */,
				02CA642A18F423E200D6E32A /* white@2x.png in Resources */,
				02CA641E18F423E200D6E32A /* 19.png in Resources */,
				02CA642118F423E200D6E32A /* 3.png in Resources */,
				02CA63F318F420CF00D6E32A /* GameConfigViewController.xib in Resources */,
				02CA641518F423E200D6E32A /* 10.png in Resources */,
				02CA642218F423E200D6E32A /* 4.png in Resources */,
				02CA641918F423E200D6E32A /* 14.png in Resources */,
				02CA642918F423E200D6E32A /* spy@2x.png in Resources */,
				02CA641A18F423E200D6E32A /* 15.png in Resources */,
				02CA642018F423E200D6E32A /* 20.png in Resources */,
				02CA63B818F41FF000D6E32A /* InfoPlist.strings in Resources */,
				02CA641718F423E200D6E32A /* 12.png in Resources */,
				02CA641618F423E200D6E32A /* 11.png in Resources */,
				02CA642518F423E200D6E32A /* 7.png in Resources */,
				02CA642718F423E200D6E32A /* 9.png in Resources */,
				02CA641818F423E200D6E32A /* 13.png in Resources */,
				02CA63FA18F4217B00D6E32A /* sswd.sqlite in Resources */,
				02CA641418F423E200D6E32A /* 1.png in Resources */,
				02CA642318F423E200D6E32A /* 5.png in Resources */,
				02CA63C018F41FF000D6E32A /* Images.xcassets in Resources */,
				02CA63F518F420CF00D6E32A /* GamePlayingViewController.xib in Resources */,
				02CA642818F423E200D6E32A /* goodguy@2x.png in Resources */,
			);
			runOnlyForDeploymentPostprocessing = 0;
		};
		02CA63C318F41FF000D6E32A /* Resources */ = {
			isa = PBXResourcesBuildPhase;
			buildActionMask = 2147483647;
			files = (
				02CA63D118F41FF000D6E32A /* InfoPlist.strings in Resources */,
			);
			runOnlyForDeploymentPostprocessing = 0;
		};
/* End PBXResourcesBuildPhase section */

/* Begin PBXSourcesBuildPhase section */
		02CA63A618F41FF000D6E32A /* Sources */ = {
			isa = PBXSourcesBuildPhase;
			buildActionMask = 2147483647;
			files = (
				02CA63BE18F41FF000D6E32A /* AppDelegate.m in Sources */,
				02CA63F618F420CF00D6E32A /* NumberPickerViewController.m in Sources */,
				02A596A218F4E58800446DBE /* SpyGame.m in Sources */,
				02CA63F818F420CF00D6E32A /* DataManager.m in Sources */,
				02CA63F218F420CF00D6E32A /* GameConfigViewController.m in Sources */,
				02CA63F718F420CF00D6E32A /* WordPair.m in Sources */,
				02CA63BA18F41FF000D6E32A /* main.m in Sources */,
				02A596A518F4E8BE00446DBE /* Player.m in Sources */,
				02CA63F418F420CF00D6E32A /* GamePlayingViewController.m in Sources */,
			);
			runOnlyForDeploymentPostprocessing = 0;
		};
		02CA63C118F41FF000D6E32A /* Sources */ = {
			isa = PBXSourcesBuildPhase;
			buildActionMask = 2147483647;
			files = (
				02CA63D318F41FF000D6E32A /* Who_the_spyTests.m in Sources */,
			);
			runOnlyForDeploymentPostprocessing = 0;
		};
/* End PBXSourcesBuildPhase section */

/* Begin PBXTargetDependency section */
		02CA63CB18F41FF000D6E32A /* PBXTargetDependency */ = {
			isa = PBXTargetDependency;
			target = 02CA63A918F41FF000D6E32A /* Who_the_spy */;
			targetProxy = 02CA63CA18F41FF000D6E32A /* PBXContainerItemProxy */;
		};
/* End PBXTargetDependency section */

/* Begin PBXVariantGroup section */
		02CA63B618F41FF000D6E32A /* InfoPlist.strings */ = {
			isa = PBXVariantGroup;
			children = (
				02CA63B718F41FF000D6E32A /* en */,
			);
			name = InfoPlist.strings;
			sourceTree = "<group>";
		};
		02CA63CF18F41FF000D6E32A /* InfoPlist.strings */ = {
			isa = PBXVariantGroup;
			children = (
				02CA63D018F41FF000D6E32A /* en */,
			);
			name = InfoPlist.strings;
			sourceTree = "<group>";
		};
/* End PBXVariantGroup section */

/* Begin XCBuildConfiguration section */
		02CA63D418F41FF000D6E32A /* Debug */ = {
			isa = XCBuildConfiguration;
			buildSettings = {
				ALWAYS_SEARCH_USER_PATHS = NO;
				CLANG_CXX_LANGUAGE_STANDARD = "gnu++0x";
				CLANG_CXX_LIBRARY = "libc++";
				CLANG_ENABLE_MODULES = YES;
				CLANG_ENABLE_OBJC_ARC = YES;
				CLANG_WARN_BOOL_CONVERSION = YES;
				CLANG_WARN_CONSTANT_CONVERSION = YES;
				CLANG_WARN_DIRECT_OBJC_ISA_USAGE = YES_ERROR;
				CLANG_WARN_EMPTY_BODY = YES;
				CLANG_WARN_ENUM_CONVERSION = YES;
				CLANG_WARN_INT_CONVERSION = YES;
				CLANG_WARN_OBJC_ROOT_CLASS = YES_ERROR;
				CLANG_WARN__DUPLICATE_METHOD_MATCH = YES;
				"CODE_SIGN_IDENTITY[sdk=iphoneos*]" = "iPhone Developer";
				COPY_PHASE_STRIP = NO;
				GCC_C_LANGUAGE_STANDARD = gnu99;
				GCC_DYNAMIC_NO_PIC = NO;
				GCC_OPTIMIZATION_LEVEL = 0;
				GCC_PREPROCESSOR_DEFINITIONS = (
					"DEBUG=1",
					"$(inherited)",
				);
				GCC_SYMBOLS_PRIVATE_EXTERN = NO;
				GCC_WARN_64_TO_32_BIT_CONVERSION = YES;
				GCC_WARN_ABOUT_RETURN_TYPE = YES_ERROR;
				GCC_WARN_UNDECLARED_SELECTOR = YES;
				GCC_WARN_UNINITIALIZED_AUTOS = YES_AGGRESSIVE;
				GCC_WARN_UNUSED_FUNCTION = YES;
				GCC_WARN_UNUSED_VARIABLE = YES;
				IPHONEOS_DEPLOYMENT_TARGET = 7.1;
				ONLY_ACTIVE_ARCH = YES;
				SDKROOT = iphoneos;
			};
			name = Debug;
		};
		02CA63D518F41FF000D6E32A /* Release */ = {
			isa = XCBuildConfiguration;
			buildSettings = {
				ALWAYS_SEARCH_USER_PATHS = NO;
				CLANG_CXX_LANGUAGE_STANDARD = "gnu++0x";
				CLANG_CXX_LIBRARY = "libc++";
				CLANG_ENABLE_MODULES = YES;
				CLANG_ENABLE_OBJC_ARC = YES;
				CLANG_WARN_BOOL_CONVERSION = YES;
				CLANG_WARN_CONSTANT_CONVERSION = YES;
				CLANG_WARN_DIRECT_OBJC_ISA_USAGE = YES_ERROR;
				CLANG_WARN_EMPTY_BODY = YES;
				CLANG_WARN_ENUM_CONVERSION = YES;
				CLANG_WARN_INT_CONVERSION = YES;
				CLANG_WARN_OBJC_ROOT_CLASS = YES_ERROR;
				CLANG_WARN__DUPLICATE_METHOD_MATCH = YES;
				"CODE_SIGN_IDENTITY[sdk=iphoneos*]" = "iPhone Developer";
				COPY_PHASE_STRIP = YES;
				ENABLE_NS_ASSERTIONS = NO;
				GCC_C_LANGUAGE_STANDARD = gnu99;
				GCC_WARN_64_TO_32_BIT_CONVERSION = YES;
				GCC_WARN_ABOUT_RETURN_TYPE = YES_ERROR;
				GCC_WARN_UNDECLARED_SELECTOR = YES;
				GCC_WARN_UNINITIALIZED_AUTOS = YES_AGGRESSIVE;
				GCC_WARN_UNUSED_FUNCTION = YES;
				GCC_WARN_UNUSED_VARIABLE = YES;
				IPHONEOS_DEPLOYMENT_TARGET = 7.1;
				SDKROOT = iphoneos;
				VALIDATE_PRODUCT = YES;
			};
			name = Release;
		};
		02CA63D718F41FF000D6E32A /* Debug */ = {
			isa = XCBuildConfiguration;
			buildSettings = {
				ASSETCATALOG_COMPILER_APPICON_NAME = AppIcon;
				ASSETCATALOG_COMPILER_LAUNCHIMAGE_NAME = LaunchImage;
				GCC_PRECOMPILE_PREFIX_HEADER = YES;
				GCC_PREFIX_HEADER = "Who_the_spy/Who_the_spy-Prefix.pch";
				INFOPLIST_FILE = "Who_the_spy/Who_the_spy-Info.plist";
				IPHONEOS_DEPLOYMENT_TARGET = 6.1;
				PRODUCT_NAME = "Who the spy";
				WRAPPER_EXTENSION = app;
			};
			name = Debug;
		};
		02CA63D818F41FF000D6E32A /* Release */ = {
			isa = XCBuildConfiguration;
			buildSettings = {
				ASSETCATALOG_COMPILER_APPICON_NAME = AppIcon;
				ASSETCATALOG_COMPILER_LAUNCHIMAGE_NAME = LaunchImage;
				GCC_PRECOMPILE_PREFIX_HEADER = YES;
				GCC_PREFIX_HEADER = "Who_the_spy/Who_the_spy-Prefix.pch";
				INFOPLIST_FILE = "Who_the_spy/Who_the_spy-Info.plist";
				IPHONEOS_DEPLOYMENT_TARGET = 6.1;
				PRODUCT_NAME = "Who the spy";
				WRAPPER_EXTENSION = app;
			};
			name = Release;
		};
		02CA63DA18F41FF000D6E32A /* Debug */ = {
			isa = XCBuildConfiguration;
			buildSettings = {
				BUNDLE_LOADER = "$(BUILT_PRODUCTS_DIR)/Who_the_spy.app/Who_the_spy";
				FRAMEWORK_SEARCH_PATHS = (
					"$(SDKROOT)/Developer/Library/Frameworks",
					"$(inherited)",
					"$(DEVELOPER_FRAMEWORKS_DIR)",
				);
				GCC_PRECOMPILE_PREFIX_HEADER = YES;
				GCC_PREFIX_HEADER = "Who_the_spy/Who_the_spy-Prefix.pch";
				GCC_PREPROCESSOR_DEFINITIONS = (
					"DEBUG=1",
					"$(inherited)",
				);
				INFOPLIST_FILE = "Who_the_spyTests/Who_the_spyTests-Info.plist";
				PRODUCT_NAME = "$(TARGET_NAME)";
				TEST_HOST = "$(BUNDLE_LOADER)";
				WRAPPER_EXTENSION = xctest;
			};
			name = Debug;
		};
		02CA63DB18F41FF000D6E32A /* Release */ = {
			isa = XCBuildConfiguration;
			buildSettings = {
				BUNDLE_LOADER = "$(BUILT_PRODUCTS_DIR)/Who_the_spy.app/Who_the_spy";
				FRAMEWORK_SEARCH_PATHS = (
					"$(SDKROOT)/Developer/Library/Frameworks",
					"$(inherited)",
					"$(DEVELOPER_FRAMEWORKS_DIR)",
				);
				GCC_PRECOMPILE_PREFIX_HEADER = YES;
				GCC_PREFIX_HEADER = "Who_the_spy/Who_the_spy-Prefix.pch";
				INFOPLIST_FILE = "Who_the_spyTests/Who_the_spyTests-Info.plist";
				PRODUCT_NAME = "$(TARGET_NAME)";
				TEST_HOST = "$(BUNDLE_LOADER)";
				WRAPPER_EXTENSION = xctest;
			};
			name = Release;
		};
/* End XCBuildConfiguration section */

/* Begin XCConfigurationList section */
		02CA63A518F41FF000D6E32A /* Build configuration list for PBXProject "Who_the_spy" */ = {
			isa = XCConfigurationList;
			buildConfigurations = (
				02CA63D418F41FF000D6E32A /* Debug */,
				02CA63D518F41FF000D6E32A /* Release */,
			);
			defaultConfigurationIsVisible = 0;
			defaultConfigurationName = Release;
		};
		02CA63D618F41FF000D6E32A /* Build configuration list for PBXNativeTarget "Who_the_spy" */ = {
			isa = XCConfigurationList;
			buildConfigurations = (
				02CA63D718F41FF000D6E32A /* Debug */,
				02CA63D818F41FF000D6E32A /* Release */,
			);
			defaultConfigurationIsVisible = 0;
			defaultConfigurationName = Release;
		};
		02CA63D918F41FF000D6E32A /* Build configuration list for PBXNativeTarget "Who_the_spyTests" */ = {
			isa = XCConfigurationList;
			buildConfigurations = (
				02CA63DA18F41FF000D6E32A /* Debug */,
				02CA63DB18F41FF000D6E32A /* Release */,
			);
			defaultConfigurationIsVisible = 0;
			defaultConfigurationName = Release;
		};
/* End XCConfigurationList section */
	};
	rootObject = 02CA63A218F41FF000D6E32A /* Project object */;
}
